
Microsoft Visual Studio Solution File, Format Version 12.00
# Visual Studio 15
VisualStudioVersion = 15.0.27703.2042
MinimumVisualStudioVersion = 10.0.40219.1
Project("{FAE04EC0-301F-11D3-BF4B-00C04F79EFBC}") = "ConsoleTriangle", "ConsoleTriangle\ConsoleTriangle.csproj", "{548E1EA7-85EB-4D94-A0BD-F9662666EC5A}"
EndProject
Project("{FAE04EC0-301F-11D3-BF4B-00C04F79EFBC}") = "LibCheckTriangle", "LibCheckTriangle\LibCheckTriangle.csproj", "{03F5FE3E-2AB5-440F-B887-DF06C1CFD23C}"
EndProject
Global
	GlobalSection(SolutionConfigurationPlatforms) = preSolution
		Debug|Any CPU = Debug|Any CPU
		Release|Any CPU = Release|Any CPU
	EndGlobalSection
	GlobalSection(ProjectConfigurationPlatforms) = postSolution
		{548E1EA7-85EB-4D94-A0BD-F9662666EC5A}.Debug|Any CPU.ActiveCfg = Debug|Any CPU
		{548E1EA7-85EB-4D94-A0BD-F9662666EC5A}.Debug|Any CPU.Build.0 = Debug|Any CPU
		{548E1EA7-85EB-4D94-A0BD-F9662666EC5A}.Release|Any CPU.ActiveCfg = Release|Any CPU
		{548E1EA7-85EB-4D94-A0BD-F9662666EC5A}.Release|Any CPU.Build.0 = Release|Any CPU
		{03F5FE3E-2AB5-440F-B887-DF06C1CFD23C}.Debug|Any CPU.ActiveCfg = Debug|Any CPU
		{03F5FE3E-2AB5-440F-B887-DF06C1CFD23C}.Debug|Any CPU.Build.0 = Debug|Any CPU
		{03F5FE3E-2AB5-440F-B887-DF06C1CFD23C}.Release|Any CPU.ActiveCfg = Release|Any CPU
		{03F5FE3E-2AB5-440F-B887-DF06C1CFD23C}.Release|Any CPU.Build.0 = Release|Any CPU
	EndGlobalSection
	GlobalSection(SolutionProperties) = preSolution
		HideSolutionNode = FALSE
	EndGlobalSection
	GlobalSection(ExtensibilityGlobals) = postSolution
		SolutionGuid = {4B5E7706-448B-408B-97A5-ED03D595C4FC}
	EndGlobalSection
EndGlobal
